{
  "name": "Ballade",
  "lockfileVersion": 2,
  "requires": true,
  "packages": {
    "": {
      "devDependencies": {
        "nswag": "^13.10.8"
      }
    },
    "node_modules/nswag": {
      "version": "13.10.8",
      "resolved": "https://registry.npmjs.org/nswag/-/nswag-13.10.8.tgz",
      "integrity": "sha512-h6RydMuvRIDMUREgMh/cE/tngLhWZHf1nGGvF31g/y8ONPa3P/TasW7+uu5ATnU/CTbFqFsPDJQtzcVfPzLaMA==",
      "dev": true,
      "bin": {
        "nswag": "bin/nswag.js"
      },
      "engines": {
        "npm": ">=3.10.8"
      }
    }
  },
  "dependencies": {
    "nswag": {
      "version": "13.10.8",
      "resolved": "https://registry.npmjs.org/nswag/-/nswag-13.10.8.tgz",
      "integrity": "sha512-h6RydMuvRIDMUREgMh/cE/tngLhWZHf1nGGvF31g/y8ONPa3P/TasW7+uu5ATnU/CTbFqFsPDJQtzcVfPzLaMA==",
      "dev": true
    }
  }
}
